
Microsoft Visual Studio Solution File, Format Version 12.00
# Visual Studio Version 16
VisualStudioVersion = 16.0.30503.244
MinimumVisualStudioVersion = 10.0.40219.1
Project("{FAE04EC0-301F-11D3-BF4B-00C04F79EFBC}") = "Tienda", "Tienda.csproj", "{2CBB0247-FD1D-446E-AE89-506DC3E293F6}"
EndProject
Project("{FAE04EC0-301F-11D3-BF4B-00C04F79EFBC}") = "CapaNegocio", "..\CapaNegocio\CapaNegocio.csproj", "{7E42F21D-692E-4C42-89C2-A1CC97D06054}"
EndProject
Project("{FAE04EC0-301F-11D3-BF4B-00C04F79EFBC}") = "CapaDatos", "..\CapaDatos\CapaDatos.csproj", "{FEE95A2C-0997-40A3-8580-E28ADA9BE398}"
EndProject
Global
	GlobalSection(SolutionConfigurationPlatforms) = preSolution
		Debug|Any CPU = Debug|Any CPU
		Release|Any CPU = Release|Any CPU
	EndGlobalSection
	GlobalSection(ProjectConfigurationPlatforms) = postSolution
		{2CBB0247-FD1D-446E-AE89-506DC3E293F6}.Debug|Any CPU.ActiveCfg = Debug|Any CPU
		{2CBB0247-FD1D-446E-AE89-506DC3E293F6}.Debug|Any CPU.Build.0 = Debug|Any CPU
		{2CBB0247-FD1D-446E-AE89-506DC3E293F6}.Release|Any CPU.ActiveCfg = Release|Any CPU
		{2CBB0247-FD1D-446E-AE89-506DC3E293F6}.Release|Any CPU.Build.0 = Release|Any CPU
		{7E42F21D-692E-4C42-89C2-A1CC97D06054}.Debug|Any CPU.ActiveCfg = Debug|Any CPU
		{7E42F21D-692E-4C42-89C2-A1CC97D06054}.Debug|Any CPU.Build.0 = Debug|Any CPU
		{7E42F21D-692E-4C42-89C2-A1CC97D06054}.Release|Any CPU.ActiveCfg = Release|Any CPU
		{7E42F21D-692E-4C42-89C2-A1CC97D06054}.Release|Any CPU.Build.0 = Release|Any CPU
		{FEE95A2C-0997-40A3-8580-E28ADA9BE398}.Debug|Any CPU.ActiveCfg = Debug|Any CPU
		{FEE95A2C-0997-40A3-8580-E28ADA9BE398}.Debug|Any CPU.Build.0 = Debug|Any CPU
		{FEE95A2C-0997-40A3-8580-E28ADA9BE398}.Release|Any CPU.ActiveCfg = Release|Any CPU
		{FEE95A2C-0997-40A3-8580-E28ADA9BE398}.Release|Any CPU.Build.0 = Release|Any CPU
	EndGlobalSection
	GlobalSection(SolutionProperties) = preSolution
		HideSolutionNode = FALSE
	EndGlobalSection
	GlobalSection(ExtensibilityGlobals) = postSolution
		SolutionGuid = {9A14346F-3021-437C-AD9C-D6DC08328735}
	EndGlobalSection
EndGlobal
